
Microsoft Visual Studio Solution File, Format Version 12.00
# Visual Studio 15
VisualStudioVersion = 15.0.27004.2008
MinimumVisualStudioVersion = 10.0.40219.1
Project("{FAE04EC0-301F-11D3-BF4B-00C04F79EFBC}") = "KhoaLuanTotNghiep", "KhoaLuanTotNghiep\KhoaLuanTotNghiep.csproj", "{FC9466E6-3272-470A-836F-25F8F7E27C82}"
EndProject
Project("{FAE04EC0-301F-11D3-BF4B-00C04F79EFBC}") = "FFRecognizer", "FisherFaceRecognizer\FFRecognizer.csproj", "{47482596-E47B-473A-B521-2A5DB52308AE}"
EndProject
Project("{9A19103F-16F7-4668-BE54-9A1E7A4F7556}") = "WebManager", "WebManager\WebManager.csproj", "{9860C516-5571-4747-875C-A74F8D0C5B83}"
EndProject
Project("{FAE04EC0-301F-11D3-BF4B-00C04F79EFBC}") = "WindowsForm", "WindowsForm\WindowsForm.csproj", "{45E77A56-A6F5-485E-8130-EA4B53FD88CC}"
EndProject
Project("{9A19103F-16F7-4668-BE54-9A1E7A4F7556}") = "DataAccess", "Models\DataAccess.csproj", "{2CA9E4DC-A31F-49F6-90DD-9E85D304F0E9}"
EndProject
Project("{9A19103F-16F7-4668-BE54-9A1E7A4F7556}") = "Extension", "Extension\Extension.csproj", "{49FB1ACC-1BB0-489D-AA7F-C54DA5980A11}"
EndProject
Project("{9A19103F-16F7-4668-BE54-9A1E7A4F7556}") = "Services", "Services\Services.csproj", "{620F9693-33C2-4165-8864-7FEEA4323E2B}"
EndProject
Project("{FAE04EC0-301F-11D3-BF4B-00C04F79EFBC}") = "ThiToeic", "ThiToeic\ThiToeic.csproj", "{3FF244CF-40C9-474A-93B3-D0AD52DF0CDE}"
EndProject
Project("{FAE04EC0-301F-11D3-BF4B-00C04F79EFBC}") = "WebApi", "WebApi\WebApi.csproj", "{53F61598-A707-4C06-AE60-68C94A35A760}"
EndProject
Project("{FAE04EC0-301F-11D3-BF4B-00C04F79EFBC}") = "WebApi.Tests", "WebApi.Tests\WebApi.Tests.csproj", "{D4EFC914-1AC2-4460-B4CA-EF4057D3014F}"
EndProject
Project("{FAE04EC0-301F-11D3-BF4B-00C04F79EFBC}") = "WindowsFormsApp1", "WindowsFormsApp1\WindowsFormsApp1.csproj", "{273E4796-AB9E-496E-8103-F1C466F179B8}"
EndProject
Project("{FAE04EC0-301F-11D3-BF4B-00C04F79EFBC}") = "EyeForm", "EyeForm\EyeForm.csproj", "{B7EDAFEF-BBBB-4695-9ACF-656F942DCC93}"
EndProject
Global
	GlobalSection(SolutionConfigurationPlatforms) = preSolution
		Debug|Any CPU = Debug|Any CPU
		Debug|x64 = Debug|x64
		Release|Any CPU = Release|Any CPU
		Release|x64 = Release|x64
	EndGlobalSection
	GlobalSection(ProjectConfigurationPlatforms) = postSolution
		{FC9466E6-3272-470A-836F-25F8F7E27C82}.Debug|Any CPU.ActiveCfg = Debug|Any CPU
		{FC9466E6-3272-470A-836F-25F8F7E27C82}.Debug|Any CPU.Build.0 = Debug|Any CPU
		{FC9466E6-3272-470A-836F-25F8F7E27C82}.Debug|x64.ActiveCfg = Debug|x64
		{FC9466E6-3272-470A-836F-25F8F7E27C82}.Debug|x64.Build.0 = Debug|x64
		{FC9466E6-3272-470A-836F-25F8F7E27C82}.Release|Any CPU.ActiveCfg = Release|Any CPU
		{FC9466E6-3272-470A-836F-25F8F7E27C82}.Release|Any CPU.Build.0 = Release|Any CPU
		{FC9466E6-3272-470A-836F-25F8F7E27C82}.Release|x64.ActiveCfg = Release|x64
		{FC9466E6-3272-470A-836F-25F8F7E27C82}.Release|x64.Build.0 = Release|x64
		{47482596-E47B-473A-B521-2A5DB52308AE}.Debug|Any CPU.ActiveCfg = Debug|Any CPU
		{47482596-E47B-473A-B521-2A5DB52308AE}.Debug|Any CPU.Build.0 = Debug|Any CPU
		{47482596-E47B-473A-B521-2A5DB52308AE}.Debug|x64.ActiveCfg = Debug|Any CPU
		{47482596-E47B-473A-B521-2A5DB52308AE}.Debug|x64.Build.0 = Debug|Any CPU
		{47482596-E47B-473A-B521-2A5DB52308AE}.Release|Any CPU.ActiveCfg = Release|Any CPU
		{47482596-E47B-473A-B521-2A5DB52308AE}.Release|Any CPU.Build.0 = Release|Any CPU
		{47482596-E47B-473A-B521-2A5DB52308AE}.Release|x64.ActiveCfg = Release|Any CPU
		{47482596-E47B-473A-B521-2A5DB52308AE}.Release|x64.Build.0 = Release|Any CPU
		{9860C516-5571-4747-875C-A74F8D0C5B83}.Debug|Any CPU.ActiveCfg = Debug|Any CPU
		{9860C516-5571-4747-875C-A74F8D0C5B83}.Debug|Any CPU.Build.0 = Debug|Any CPU
		{9860C516-5571-4747-875C-A74F8D0C5B83}.Debug|x64.ActiveCfg = Debug|Any CPU
		{9860C516-5571-4747-875C-A74F8D0C5B83}.Debug|x64.Build.0 = Debug|Any CPU
		{9860C516-5571-4747-875C-A74F8D0C5B83}.Release|Any CPU.ActiveCfg = Release|Any CPU
		{9860C516-5571-4747-875C-A74F8D0C5B83}.Release|Any CPU.Build.0 = Release|Any CPU
		{9860C516-5571-4747-875C-A74F8D0C5B83}.Release|x64.ActiveCfg = Release|Any CPU
		{9860C516-5571-4747-875C-A74F8D0C5B83}.Release|x64.Build.0 = Release|Any CPU
		{45E77A56-A6F5-485E-8130-EA4B53FD88CC}.Debug|Any CPU.ActiveCfg = Debug|x64
		{45E77A56-A6F5-485E-8130-EA4B53FD88CC}.Debug|Any CPU.Build.0 = Debug|x64
		{45E77A56-A6F5-485E-8130-EA4B53FD88CC}.Debug|x64.ActiveCfg = Debug|x64
		{45E77A56-A6F5-485E-8130-EA4B53FD88CC}.Debug|x64.Build.0 = Debug|x64
		{45E77A56-A6F5-485E-8130-EA4B53FD88CC}.Release|Any CPU.ActiveCfg = Release|Any CPU
		{45E77A56-A6F5-485E-8130-EA4B53FD88CC}.Release|Any CPU.Build.0 = Release|Any CPU
		{45E77A56-A6F5-485E-8130-EA4B53FD88CC}.Release|x64.ActiveCfg = Release|Any CPU
		{45E77A56-A6F5-485E-8130-EA4B53FD88CC}.Release|x64.Build.0 = Release|Any CPU
		{2CA9E4DC-A31F-49F6-90DD-9E85D304F0E9}.Debug|Any CPU.ActiveCfg = Debug|Any CPU
		{2CA9E4DC-A31F-49F6-90DD-9E85D304F0E9}.Debug|Any CPU.Build.0 = Debug|Any CPU
		{2CA9E4DC-A31F-49F6-90DD-9E85D304F0E9}.Debug|x64.ActiveCfg = Debug|Any CPU
		{2CA9E4DC-A31F-49F6-90DD-9E85D304F0E9}.Debug|x64.Build.0 = Debug|Any CPU
		{2CA9E4DC-A31F-49F6-90DD-9E85D304F0E9}.Release|Any CPU.ActiveCfg = Release|Any CPU
		{2CA9E4DC-A31F-49F6-90DD-9E85D304F0E9}.Release|Any CPU.Build.0 = Release|Any CPU
		{2CA9E4DC-A31F-49F6-90DD-9E85D304F0E9}.Release|x64.ActiveCfg = Release|Any CPU
		{2CA9E4DC-A31F-49F6-90DD-9E85D304F0E9}.Release|x64.Build.0 = Release|Any CPU
		{49FB1ACC-1BB0-489D-AA7F-C54DA5980A11}.Debug|Any CPU.ActiveCfg = Debug|Any CPU
		{49FB1ACC-1BB0-489D-AA7F-C54DA5980A11}.Debug|Any CPU.Build.0 = Debug|Any CPU
		{49FB1ACC-1BB0-489D-AA7F-C54DA5980A11}.Debug|x64.ActiveCfg = Debug|Any CPU
		{49FB1ACC-1BB0-489D-AA7F-C54DA5980A11}.Debug|x64.Build.0 = Debug|Any CPU
		{49FB1ACC-1BB0-489D-AA7F-C54DA5980A11}.Release|Any CPU.ActiveCfg = Release|Any CPU
		{49FB1ACC-1BB0-489D-AA7F-C54DA5980A11}.Release|Any CPU.Build.0 = Release|Any CPU
		{49FB1ACC-1BB0-489D-AA7F-C54DA5980A11}.Release|x64.ActiveCfg = Release|Any CPU
		{49FB1ACC-1BB0-489D-AA7F-C54DA5980A11}.Release|x64.Build.0 = Release|Any CPU
		{620F9693-33C2-4165-8864-7FEEA4323E2B}.Debug|Any CPU.ActiveCfg = Debug|Any CPU
		{620F9693-33C2-4165-8864-7FEEA4323E2B}.Debug|Any CPU.Build.0 = Debug|Any CPU
		{620F9693-33C2-4165-8864-7FEEA4323E2B}.Debug|x64.ActiveCfg = Debug|Any CPU
		{620F9693-33C2-4165-8864-7FEEA4323E2B}.Debug|x64.Build.0 = Debug|Any CPU
		{620F9693-33C2-4165-8864-7FEEA4323E2B}.Release|Any CPU.ActiveCfg = Release|Any CPU
		{620F9693-33C2-4165-8864-7FEEA4323E2B}.Release|Any CPU.Build.0 = Release|Any CPU
		{620F9693-33C2-4165-8864-7FEEA4323E2B}.Release|x64.ActiveCfg = Release|Any CPU
		{620F9693-33C2-4165-8864-7FEEA4323E2B}.Release|x64.Build.0 = Release|Any CPU
		{3FF244CF-40C9-474A-93B3-D0AD52DF0CDE}.Debug|Any CPU.ActiveCfg = Debug|x64
		{3FF244CF-40C9-474A-93B3-D0AD52DF0CDE}.Debug|Any CPU.Build.0 = Debug|x64
		{3FF244CF-40C9-474A-93B3-D0AD52DF0CDE}.Debug|x64.ActiveCfg = Debug|x64
		{3FF244CF-40C9-474A-93B3-D0AD52DF0CDE}.Debug|x64.Build.0 = Debug|x64
		{3FF244CF-40C9-474A-93B3-D0AD52DF0CDE}.Release|Any CPU.ActiveCfg = Release|Any CPU
		{3FF244CF-40C9-474A-93B3-D0AD52DF0CDE}.Release|Any CPU.Build.0 = Release|Any CPU
		{3FF244CF-40C9-474A-93B3-D0AD52DF0CDE}.Release|x64.ActiveCfg = Release|Any CPU
		{3FF244CF-40C9-474A-93B3-D0AD52DF0CDE}.Release|x64.Build.0 = Release|Any CPU
		{53F61598-A707-4C06-AE60-68C94A35A760}.Debug|Any CPU.ActiveCfg = Debug|Any CPU
		{53F61598-A707-4C06-AE60-68C94A35A760}.Debug|Any CPU.Build.0 = Debug|Any CPU
		{53F61598-A707-4C06-AE60-68C94A35A760}.Debug|x64.ActiveCfg = Debug|Any CPU
		{53F61598-A707-4C06-AE60-68C94A35A760}.Debug|x64.Build.0 = Debug|Any CPU
		{53F61598-A707-4C06-AE60-68C94A35A760}.Release|Any CPU.ActiveCfg = Release|Any CPU
		{53F61598-A707-4C06-AE60-68C94A35A760}.Release|Any CPU.Build.0 = Release|Any CPU
		{53F61598-A707-4C06-AE60-68C94A35A760}.Release|x64.ActiveCfg = Release|Any CPU
		{53F61598-A707-4C06-AE60-68C94A35A760}.Release|x64.Build.0 = Release|Any CPU
		{D4EFC914-1AC2-4460-B4CA-EF4057D3014F}.Debug|Any CPU.ActiveCfg = Debug|Any CPU
		{D4EFC914-1AC2-4460-B4CA-EF4057D3014F}.Debug|Any CPU.Build.0 = Debug|Any CPU
		{D4EFC914-1AC2-4460-B4CA-EF4057D3014F}.Debug|x64.ActiveCfg = Debug|Any CPU
		{D4EFC914-1AC2-4460-B4CA-EF4057D3014F}.Debug|x64.Build.0 = Debug|Any CPU
		{D4EFC914-1AC2-4460-B4CA-EF4057D3014F}.Release|Any CPU.ActiveCfg = Release|Any CPU
		{D4EFC914-1AC2-4460-B4CA-EF4057D3014F}.Release|Any CPU.Build.0 = Release|Any CPU
		{D4EFC914-1AC2-4460-B4CA-EF4057D3014F}.Release|x64.ActiveCfg = Release|Any CPU
		{D4EFC914-1AC2-4460-B4CA-EF4057D3014F}.Release|x64.Build.0 = Release|Any CPU
		{273E4796-AB9E-496E-8103-F1C466F179B8}.Debug|Any CPU.ActiveCfg = Debug|Any CPU
		{273E4796-AB9E-496E-8103-F1C466F179B8}.Debug|Any CPU.Build.0 = Debug|Any CPU
		{273E4796-AB9E-496E-8103-F1C466F179B8}.Debug|x64.ActiveCfg = Debug|Any CPU
		{273E4796-AB9E-496E-8103-F1C466F179B8}.Debug|x64.Build.0 = Debug|Any CPU
		{273E4796-AB9E-496E-8103-F1C466F179B8}.Release|Any CPU.ActiveCfg = Release|Any CPU
		{273E4796-AB9E-496E-8103-F1C466F179B8}.Release|Any CPU.Build.0 = Release|Any CPU
		{273E4796-AB9E-496E-8103-F1C466F179B8}.Release|x64.ActiveCfg = Release|Any CPU
		{273E4796-AB9E-496E-8103-F1C466F179B8}.Release|x64.Build.0 = Release|Any CPU
		{B7EDAFEF-BBBB-4695-9ACF-656F942DCC93}.Debug|Any CPU.ActiveCfg = Debug|Any CPU
		{B7EDAFEF-BBBB-4695-9ACF-656F942DCC93}.Debug|Any CPU.Build.0 = Debug|Any CPU
		{B7EDAFEF-BBBB-4695-9ACF-656F942DCC93}.Debug|x64.ActiveCfg = Debug|Any CPU
		{B7EDAFEF-BBBB-4695-9ACF-656F942DCC93}.Debug|x64.Build.0 = Debug|Any CPU
		{B7EDAFEF-BBBB-4695-9ACF-656F942DCC93}.Release|Any CPU.ActiveCfg = Release|Any CPU
		{B7EDAFEF-BBBB-4695-9ACF-656F942DCC93}.Release|Any CPU.Build.0 = Release|Any CPU
		{B7EDAFEF-BBBB-4695-9ACF-656F942DCC93}.Release|x64.ActiveCfg = Release|Any CPU
		{B7EDAFEF-BBBB-4695-9ACF-656F942DCC93}.Release|x64.Build.0 = Release|Any CPU
	EndGlobalSection
	GlobalSection(SolutionProperties) = preSolution
		HideSolutionNode = FALSE
	EndGlobalSection
	GlobalSection(ExtensibilityGlobals) = postSolution
		SolutionGuid = {56885643-3054-43C4-AB5F-3E6222209D71}
	EndGlobalSection
EndGlobal
